
Microsoft Visual Studio Solution File, Format Version 12.00
# Visual Studio Version 17
VisualStudioVersion = 17.14.36127.28 d17.14
MinimumVisualStudioVersion = 10.0.40219.1
Project("{FAE04EC0-301F-11D3-BF4B-00C04F79EFBC}") = "theavesn_BMIcalc", "CalculateArea\theavesn_BMIcalc.csproj", "{0860B80E-F4D9-21F4-F8C6-DA0ADC5E8AB9}"
EndProject
Global
	GlobalSection(SolutionConfigurationPlatforms) = preSolution
		Debug|Any CPU = Debug|Any CPU
		Release|Any CPU = Release|Any CPU
	EndGlobalSection
	GlobalSection(ProjectConfigurationPlatforms) = postSolution
		{0860B80E-F4D9-21F4-F8C6-DA0ADC5E8AB9}.Debug|Any CPU.ActiveCfg = Debug|Any CPU
		{0860B80E-F4D9-21F4-F8C6-DA0ADC5E8AB9}.Debug|Any CPU.Build.0 = Debug|Any CPU
		{0860B80E-F4D9-21F4-F8C6-DA0ADC5E8AB9}.Debug|Any CPU.Deploy.0 = Debug|Any CPU
		{0860B80E-F4D9-21F4-F8C6-DA0ADC5E8AB9}.Release|Any CPU.ActiveCfg = Release|Any CPU
		{0860B80E-F4D9-21F4-F8C6-DA0ADC5E8AB9}.Release|Any CPU.Build.0 = Release|Any CPU
		{0860B80E-F4D9-21F4-F8C6-DA0ADC5E8AB9}.Release|Any CPU.Deploy.0 = Release|Any CPU
	EndGlobalSection
	GlobalSection(SolutionProperties) = preSolution
		HideSolutionNode = FALSE
	EndGlobalSection
	GlobalSection(ExtensibilityGlobals) = postSolution
		SolutionGuid = {93FD4BB4-02AC-4F4C-9DB5-642B340731A0}
	EndGlobalSection
EndGlobal
